
Microsoft Visual Studio Solution File, Format Version 12.00
# Visual Studio Version 17
VisualStudioVersion = 17.0.31903.59
MinimumVisualStudioVersion = 10.0.40219.1
Project("{FAE04EC0-301F-11D3-BF4B-00C04F79EFBC}") = "DmdTestApp.App", "src\DmdTestApp.App\DmdTestApp.App.csproj", "{9FB3AB5A-C3CE-40F0-B29B-954009ADC219}"
EndProject
Project("{2150E333-8FDC-42A3-9474-1A3956D46DE8}") = "src", "src", "{02EA681E-C7D8-13C7-8484-4AC65E1B71E8}"
EndProject
Global
	GlobalSection(SolutionConfigurationPlatforms) = preSolution
		Debug|Any CPU = Debug|Any CPU
		Release|Any CPU = Release|Any CPU
	EndGlobalSection
	GlobalSection(ProjectConfigurationPlatforms) = postSolution
		{9FB3AB5A-C3CE-40F0-B29B-954009ADC219}.Debug|Any CPU.ActiveCfg = Debug|Any CPU
		{9FB3AB5A-C3CE-40F0-B29B-954009ADC219}.Debug|Any CPU.Build.0 = Debug|Any CPU
		{9FB3AB5A-C3CE-40F0-B29B-954009ADC219}.Release|Any CPU.ActiveCfg = Release|Any CPU
		{9FB3AB5A-C3CE-40F0-B29B-954009ADC219}.Release|Any CPU.Build.0 = Release|Any CPU
	EndGlobalSection
	GlobalSection(SolutionProperties) = preSolution
		HideSolutionNode = FALSE
	EndGlobalSection
	GlobalSection(NestedProjects) = preSolution
		{9FB3AB5A-C3CE-40F0-B29B-954009ADC219} = {02EA681E-C7D8-13C7-8484-4AC65E1B71E8}
	EndGlobalSection
	GlobalSection(ExtensibilityGlobals) = postSolution
		SolutionGuid = {8F04B585-4525-43FA-A256-E149BFA70A28}
	EndGlobalSection
EndGlobal
